
Microsoft Visual Studio Solution File, Format Version 12.00
# Visual Studio 15
VisualStudioVersion = 15.0.27428.1
MinimumVisualStudioVersion = 10.0.40219.1
Project("{9A19103F-16F7-4668-BE54-9A1E7A4F7556}") = "Sobhan", "Sobhan\Sobhan.csproj", "{99C15260-95EC-4D46-98CD-1E3F6CDC28D9}"
EndProject
Project("{9A19103F-16F7-4668-BE54-9A1E7A4F7556}") = "Services", "Services\Services.csproj", "{7C8D6EC4-B3FE-450C-9A9F-B35901191122}"
EndProject
Project("{9A19103F-16F7-4668-BE54-9A1E7A4F7556}") = "DataLayer", "DataLayer\DataLayer.csproj", "{213D1328-945D-44FE-82A5-7C431E7B0C60}"
EndProject
Project("{9A19103F-16F7-4668-BE54-9A1E7A4F7556}") = "ViewModel", "ViewModel\ViewModel.csproj", "{1EBACD38-96B1-4A32-9CAC-CD770E04B5E4}"
EndProject
Project("{9A19103F-16F7-4668-BE54-9A1E7A4F7556}") = "Utility", "Utility\Utility.csproj", "{08BF406D-5BF2-4014-83E1-B926AE31807C}"
EndProject
Project("{9A19103F-16F7-4668-BE54-9A1E7A4F7556}") = "DomainClasses", "DomainClasses\DomainClasses.csproj", "{89D32F70-7853-4062-A760-01F4ACB90675}"
EndProject
Project("{9A19103F-16F7-4668-BE54-9A1E7A4F7556}") = "Common", "Common\Common.csproj", "{76B16E07-77AF-43C0-B888-AE45330DBE06}"
EndProject
Project("{9A19103F-16F7-4668-BE54-9A1E7A4F7556}") = "Spa", "Spa\Spa.csproj", "{7CF981F7-804E-444B-A265-4C804CFF34F2}"
EndProject
Project("{FAE04EC0-301F-11D3-BF4B-00C04F79EFBC}") = "NosqlService", "NosqlService\NosqlService.csproj", "{13CA3005-E5A6-44C9-8007-1005FB5616C8}"
EndProject
Global
	GlobalSection(SolutionConfigurationPlatforms) = preSolution
		Debug|Any CPU = Debug|Any CPU
		Release|Any CPU = Release|Any CPU
	EndGlobalSection
	GlobalSection(ProjectConfigurationPlatforms) = postSolution
		{99C15260-95EC-4D46-98CD-1E3F6CDC28D9}.Debug|Any CPU.ActiveCfg = Debug|Any CPU
		{99C15260-95EC-4D46-98CD-1E3F6CDC28D9}.Debug|Any CPU.Build.0 = Debug|Any CPU
		{99C15260-95EC-4D46-98CD-1E3F6CDC28D9}.Release|Any CPU.ActiveCfg = Release|Any CPU
		{99C15260-95EC-4D46-98CD-1E3F6CDC28D9}.Release|Any CPU.Build.0 = Release|Any CPU
		{7C8D6EC4-B3FE-450C-9A9F-B35901191122}.Debug|Any CPU.ActiveCfg = Debug|Any CPU
		{7C8D6EC4-B3FE-450C-9A9F-B35901191122}.Debug|Any CPU.Build.0 = Debug|Any CPU
		{7C8D6EC4-B3FE-450C-9A9F-B35901191122}.Release|Any CPU.ActiveCfg = Release|Any CPU
		{7C8D6EC4-B3FE-450C-9A9F-B35901191122}.Release|Any CPU.Build.0 = Release|Any CPU
		{213D1328-945D-44FE-82A5-7C431E7B0C60}.Debug|Any CPU.ActiveCfg = Debug|Any CPU
		{213D1328-945D-44FE-82A5-7C431E7B0C60}.Debug|Any CPU.Build.0 = Debug|Any CPU
		{213D1328-945D-44FE-82A5-7C431E7B0C60}.Release|Any CPU.ActiveCfg = Release|Any CPU
		{213D1328-945D-44FE-82A5-7C431E7B0C60}.Release|Any CPU.Build.0 = Release|Any CPU
		{1EBACD38-96B1-4A32-9CAC-CD770E04B5E4}.Debug|Any CPU.ActiveCfg = Debug|Any CPU
		{1EBACD38-96B1-4A32-9CAC-CD770E04B5E4}.Debug|Any CPU.Build.0 = Debug|Any CPU
		{1EBACD38-96B1-4A32-9CAC-CD770E04B5E4}.Release|Any CPU.ActiveCfg = Release|Any CPU
		{1EBACD38-96B1-4A32-9CAC-CD770E04B5E4}.Release|Any CPU.Build.0 = Release|Any CPU
		{08BF406D-5BF2-4014-83E1-B926AE31807C}.Debug|Any CPU.ActiveCfg = Debug|Any CPU
		{08BF406D-5BF2-4014-83E1-B926AE31807C}.Debug|Any CPU.Build.0 = Debug|Any CPU
		{08BF406D-5BF2-4014-83E1-B926AE31807C}.Release|Any CPU.ActiveCfg = Release|Any CPU
		{08BF406D-5BF2-4014-83E1-B926AE31807C}.Release|Any CPU.Build.0 = Release|Any CPU
		{89D32F70-7853-4062-A760-01F4ACB90675}.Debug|Any CPU.ActiveCfg = Debug|Any CPU
		{89D32F70-7853-4062-A760-01F4ACB90675}.Debug|Any CPU.Build.0 = Debug|Any CPU
		{89D32F70-7853-4062-A760-01F4ACB90675}.Release|Any CPU.ActiveCfg = Release|Any CPU
		{89D32F70-7853-4062-A760-01F4ACB90675}.Release|Any CPU.Build.0 = Release|Any CPU
		{76B16E07-77AF-43C0-B888-AE45330DBE06}.Debug|Any CPU.ActiveCfg = Debug|Any CPU
		{76B16E07-77AF-43C0-B888-AE45330DBE06}.Debug|Any CPU.Build.0 = Debug|Any CPU
		{76B16E07-77AF-43C0-B888-AE45330DBE06}.Release|Any CPU.ActiveCfg = Release|Any CPU
		{76B16E07-77AF-43C0-B888-AE45330DBE06}.Release|Any CPU.Build.0 = Release|Any CPU
		{7CF981F7-804E-444B-A265-4C804CFF34F2}.Debug|Any CPU.ActiveCfg = Debug|Any CPU
		{7CF981F7-804E-444B-A265-4C804CFF34F2}.Debug|Any CPU.Build.0 = Debug|Any CPU
		{7CF981F7-804E-444B-A265-4C804CFF34F2}.Release|Any CPU.ActiveCfg = Release|Any CPU
		{7CF981F7-804E-444B-A265-4C804CFF34F2}.Release|Any CPU.Build.0 = Release|Any CPU
		{13CA3005-E5A6-44C9-8007-1005FB5616C8}.Debug|Any CPU.ActiveCfg = Debug|Any CPU
		{13CA3005-E5A6-44C9-8007-1005FB5616C8}.Debug|Any CPU.Build.0 = Debug|Any CPU
		{13CA3005-E5A6-44C9-8007-1005FB5616C8}.Release|Any CPU.ActiveCfg = Release|Any CPU
		{13CA3005-E5A6-44C9-8007-1005FB5616C8}.Release|Any CPU.Build.0 = Release|Any CPU
	EndGlobalSection
	GlobalSection(SolutionProperties) = preSolution
		HideSolutionNode = FALSE
	EndGlobalSection
	GlobalSection(ExtensibilityGlobals) = postSolution
		SolutionGuid = {714507ED-D304-421A-A1AF-551C8F0EB09E}
	EndGlobalSection
EndGlobal
